{
  "nodes": {
    "affinity-nix": {
      "inputs": {
        "elemental-wine-source": "elemental-wine-source",
        "flake-compat": "flake-compat",
        "flake-parts": "flake-parts",
        "git-hooks": "git-hooks",
        "nixpkgs": [
          "nixpkgs"
        ],
        "nixpkgs-wine": "nixpkgs-wine",
        "on-linux": "on-linux",
        "plugin-loader": "plugin-loader",
        "treefmt-nix": "treefmt-nix"
      },
      "locked": {
        "lastModified": 1773962509,
        "narHash": "sha256-DAHcc8ghdDEX+xHPjuKf7qXSL/5G9NqP3mrq5jAKFi0=",
        "owner": "mrshmllow",
        "repo": "affinity-nix",
        "rev": "494090443b8086f14ce851ecba8463800176c1c1",
        "type": "github"
      },
      "original": {
        "owner": "mrshmllow",
        "repo": "affinity-nix",
        "type": "github"
      }
    },
    "disko": {
      "inputs": {
        "nixpkgs": [
          "nixpkgs"
        ]
      },
      "locked": {
        "lastModified": 1773889306,
        "narHash": "sha256-PAqwnsBSI9SVC2QugvQ3xeYCB0otOwCacB1ueQj2tgw=",
        "owner": "nix-community",
        "repo": "disko",
        "rev": "5ad85c82cc52264f4beddc934ba57f3789f28347",
        "type": "github"
      },
      "original": {
        "owner": "nix-community",
        "repo": "disko",
        "type": "github"
      }
    },
    "elemental-wine-source": {
      "flake": false,
      "locked": {
        "host": "gitlab.winehq.org",
        "lastModified": 1722747031,
        "narHash": "sha256-XVhz9p2kgFBoJ376vg8OaFXxcMEjAe9AK1hk0I1rb1Q=",
        "owner": "ElementalWarrior",
        "repo": "wine",
        "rev": "a7c9b19e1a26cf49c63a7c19189a3e2bbe2c6ac2",
        "type": "gitlab"
      },
      "original": {
        "host": "gitlab.winehq.org",
        "owner": "ElementalWarrior",
        "ref": "affinity-photo3-wine9.13-part3",
        "repo": "wine",
        "type": "gitlab"
      }
    },
    "flake-compat": {
      "locked": {
        "lastModified": 1751685974,
        "narHash": "sha256-NKw96t+BgHIYzHUjkTK95FqYRVKB8DHpVhefWSz/kTw=",
        "rev": "549f2762aebeff29a2e5ece7a7dc0f955281a1d1",
        "type": "tarball",
        "url": "https://git.lix.systems/api/v1/repos/lix-project/flake-compat/archive/549f2762aebeff29a2e5ece7a7dc0f955281a1d1.tar.gz?rev=549f2762aebeff29a2e5ece7a7dc0f955281a1d1"
      },
      "original": {
        "type": "tarball",
        "url": "https://git.lix.systems/lix-project/flake-compat/archive/main.tar.gz"
      }
    },
    "flake-compat_2": {
      "flake": false,
      "locked": {
        "lastModified": 1767039857,
        "narHash": "sha256-vNpUSpF5Nuw8xvDLj2KCwwksIbjua2LZCqhV1LNRDns=",
        "owner": "NixOS",
        "repo": "flake-compat",
        "rev": "5edf11c44bc78a0d334f6334cdaf7d60d732daab",
        "type": "github"
      },
      "original": {
        "owner": "NixOS",
        "repo": "flake-compat",
        "type": "github"
      }
    },
    "flake-parts": {
      "inputs": {
        "nixpkgs-lib": "nixpkgs-lib"
      },
      "locked": {
        "lastModified": 1769996383,
        "narHash": "sha256-AnYjnFWgS49RlqX7LrC4uA+sCCDBj0Ry/WOJ5XWAsa0=",
        "owner": "hercules-ci",
        "repo": "flake-parts",
        "rev": "57928607ea566b5db3ad13af0e57e921e6b12381",
        "type": "github"
      },
      "original": {
        "owner": "hercules-ci",
        "repo": "flake-parts",
        "type": "github"
      }
    },
    "flake-parts_2": {
      "inputs": {
        "nixpkgs-lib": [
          "nixpkgs"
        ]
      },
      "locked": {
        "lastModified": 1772408722,
        "narHash": "sha256-rHuJtdcOjK7rAHpHphUb1iCvgkU3GpfvicLMwwnfMT0=",
        "owner": "hercules-ci",
        "repo": "flake-parts",
        "rev": "f20dc5d9b8027381c474144ecabc9034d6a839a3",
        "type": "github"
      },
      "original": {
        "owner": "hercules-ci",
        "repo": "flake-parts",
        "type": "github"
      }
    },
    "git-hooks": {
      "inputs": {
        "flake-compat": "flake-compat_2",
        "gitignore": "gitignore",
        "nixpkgs": "nixpkgs"
      },
      "locked": {
        "lastModified": 1769939035,
        "narHash": "sha256-Fok2AmefgVA0+eprw2NDwqKkPGEI5wvR+twiZagBvrg=",
        "owner": "cachix",
        "repo": "git-hooks.nix",
        "rev": "a8ca480175326551d6c4121498316261cbb5b260",
        "type": "github"
      },
      "original": {
        "owner": "cachix",
        "repo": "git-hooks.nix",
        "type": "github"
      }
    },
    "gitignore": {
      "inputs": {
        "nixpkgs": [
          "affinity-nix",
          "git-hooks",
          "nixpkgs"
        ]
      },
      "locked": {
        "lastModified": 1709087332,
        "narHash": "sha256-HG2cCnktfHsKV0s4XW83gU3F57gaTljL9KNSuG6bnQs=",
        "owner": "hercules-ci",
        "repo": "gitignore.nix",
        "rev": "637db329424fd7e46cf4185293b9cc8c88c95394",
        "type": "github"
      },
      "original": {
        "owner": "hercules-ci",
        "repo": "gitignore.nix",
        "type": "github"
      }
    },
    "home-manager": {
      "inputs": {
        "nixpkgs": [
          "nixpkgs"
        ]
      },
      "locked": {
        "lastModified": 1773963144,
        "narHash": "sha256-WzBOBfSay3GYilUfKaUa1Mbf8/jtuAiJIedx7fWuIX4=",
        "owner": "nix-community",
        "repo": "home-manager",
        "rev": "a91b3ea73a765614d90360580b689c48102d1d33",
        "type": "github"
      },
      "original": {
        "owner": "nix-community",
        "ref": "release-25.11",
        "repo": "home-manager",
        "type": "github"
      }
    },
    "import-tree": {
      "locked": {
        "lastModified": 1773693634,
        "narHash": "sha256-BtZ2dtkBdSUnFPPFc+n0kcMbgaTxzFNPv2iaO326Ffg=",
        "owner": "vic",
        "repo": "import-tree",
        "rev": "c41e7d58045f9057880b0d85e1152d6a4430dbf1",
        "type": "github"
      },
      "original": {
        "owner": "vic",
        "repo": "import-tree",
        "type": "github"
      }
    },
    "nixpkgs": {
      "locked": {
        "lastModified": 1764947035,
        "narHash": "sha256-EYHSjVM4Ox4lvCXUMiKKs2vETUSL5mx+J2FfutM7T9w=",
        "owner": "NixOS",
        "repo": "nixpkgs",
        "rev": "a672be65651c80d3f592a89b3945466584a22069",
        "type": "github"
      },
      "original": {
        "owner": "NixOS",
        "ref": "nixpkgs-unstable",
        "repo": "nixpkgs",
        "type": "github"
      }
    },
    "nixpkgs-lib": {
      "locked": {
        "lastModified": 1769909678,
        "narHash": "sha256-cBEymOf4/o3FD5AZnzC3J9hLbiZ+QDT/KDuyHXVJOpM=",
        "owner": "nix-community",
        "repo": "nixpkgs.lib",
        "rev": "72716169fe93074c333e8d0173151350670b824c",
        "type": "github"
      },
      "original": {
        "owner": "nix-community",
        "repo": "nixpkgs.lib",
        "type": "github"
      }
    },
    "nixpkgs-wine": {
      "locked": {
        "lastModified": 1735834308,
        "narHash": "sha256-dklw3AXr3OGO4/XT1Tu3Xz9n/we8GctZZ75ZWVqAVhk=",
        "owner": "nixos",
        "repo": "nixpkgs",
        "rev": "6df24922a1400241dae323af55f30e4318a6ca65",
        "type": "github"
      },
      "original": {
        "owner": "nixos",
        "repo": "nixpkgs",
        "rev": "6df24922a1400241dae323af55f30e4318a6ca65",
        "type": "github"
      }
    },
    "nixpkgs_2": {
      "locked": {
        "lastModified": 1767364772,
        "narHash": "sha256-fFUnEYMla8b7UKjijLnMe+oVFOz6HjijGGNS1l7dYaQ=",
        "owner": "nixos",
        "repo": "nixpkgs",
        "rev": "16c7794d0a28b5a37904d55bcca36003b9109aaa",
        "type": "github"
      },
      "original": {
        "owner": "nixos",
        "ref": "nixpkgs-unstable",
        "repo": "nixpkgs",
        "type": "github"
      }
    },
    "nixpkgs_3": {
      "locked": {
        "lastModified": 1775002709,
        "narHash": "sha256-d3Yx83vSrN+2z/loBh4mJpyRqr9aAJqlke4TkpFmRJA=",
        "owner": "NixOS",
        "repo": "nixpkgs",
        "rev": "bcd464ccd2a1a7cd09aa2f8d4ffba83b761b1d0e",
        "type": "github"
      },
      "original": {
        "id": "nixpkgs",
        "ref": "nixos-25.11",
        "type": "indirect"
      }
    },
    "nur": {
      "inputs": {
        "flake-parts": [
          "flake-parts"
        ],
        "nixpkgs": [
          "nixpkgs"
        ]
      },
      "locked": {
        "lastModified": 1774470122,
        "narHash": "sha256-DsgZkyQajz/FtTLjYbXgaxmHd3jREcJzh3xUJFZK7cY=",
        "owner": "nix-community",
        "repo": "NUR",
        "rev": "c9fa718ef081cfcdff94de8567bd6de768ff0805",
        "type": "github"
      },
      "original": {
        "owner": "nix-community",
        "repo": "NUR",
        "type": "github"
      }
    },
    "on-linux": {
      "flake": false,
      "locked": {
        "lastModified": 1769366983,
        "narHash": "sha256-uBLHcm0WP8n4ms7eV05wt4mc9uvUo9OVMM/41lW+u8Q=",
        "owner": "seapear",
        "repo": "AffinityOnLinux",
        "rev": "c3909c9e265f8091b9b0b26d8f51815a0a19e547",
        "type": "github"
      },
      "original": {
        "owner": "seapear",
        "repo": "AffinityOnLinux",
        "type": "github"
      }
    },
    "plasma-manager": {
      "inputs": {
        "home-manager": [
          "home-manager"
        ],
        "nixpkgs": [
          "nixpkgs"
        ]
      },
      "locked": {
        "lastModified": 1772361940,
        "narHash": "sha256-B1Cz+ydL1iaOnGlwOFld/C8lBECPtzhiy/pP93/CuyY=",
        "owner": "nix-community",
        "repo": "plasma-manager",
        "rev": "a4b33606111c9c5dcd10009042bb710307174f51",
        "type": "github"
      },
      "original": {
        "owner": "nix-community",
        "ref": "trunk",
        "repo": "plasma-manager",
        "type": "github"
      }
    },
    "plugin-loader": {
      "flake": false,
      "locked": {
        "narHash": "sha256-mixBa/xIfSIrSS3+bGqznXxSE6h8s7e2xoJM2g4eXhg=",
        "type": "file",
        "url": "https://github.com/noahc3/AffinityPluginLoader/releases/download/v0.2.0/affinitypluginloader-plus-winefix.tar.xz"
      },
      "original": {
        "type": "file",
        "url": "https://github.com/noahc3/AffinityPluginLoader/releases/download/v0.2.0/affinitypluginloader-plus-winefix.tar.xz"
      }
    },
    "root": {
      "inputs": {
        "affinity-nix": "affinity-nix",
        "disko": "disko",
        "flake-parts": "flake-parts_2",
        "home-manager": "home-manager",
        "import-tree": "import-tree",
        "nixpkgs": "nixpkgs_3",
        "nur": "nur",
        "plasma-manager": "plasma-manager"
      }
    },
    "treefmt-nix": {
      "inputs": {
        "nixpkgs": "nixpkgs_2"
      },
      "locked": {
        "lastModified": 1769691507,
        "narHash": "sha256-8aAYwyVzSSwIhP2glDhw/G0i5+wOrren3v6WmxkVonM=",
        "owner": "numtide",
        "repo": "treefmt-nix",
        "rev": "28b19c5844cc6e2257801d43f2772a4b4c050a1b",
        "type": "github"
      },
      "original": {
        "owner": "numtide",
        "repo": "treefmt-nix",
        "type": "github"
      }
    }
  },
  "root": "root",
  "version": 7
}
